
Microsoft Visual Studio Solution File, Format Version 12.00
# Visual Studio Version 17
VisualStudioVersion = 17.11.35431.28
MinimumVisualStudioVersion = 10.0.40219.1
Project("{9A19103F-16F7-4668-BE54-9A1E7A4F7556}") = "BudgetManagerAPI", "BudgetManagerAPI\BudgetManagerAPI.csproj", "{E639D219-2ADC-4DAF-A078-71B4DB11F904}"
EndProject
Global
	GlobalSection(SolutionConfigurationPlatforms) = preSolution
		Debug|Any CPU = Debug|Any CPU
		Release|Any CPU = Release|Any CPU
	EndGlobalSection
	GlobalSection(ProjectConfigurationPlatforms) = postSolution
		{E639D219-2ADC-4DAF-A078-71B4DB11F904}.Debug|Any CPU.ActiveCfg = Debug|Any CPU
		{E639D219-2ADC-4DAF-A078-71B4DB11F904}.Debug|Any CPU.Build.0 = Debug|Any CPU
		{E639D219-2ADC-4DAF-A078-71B4DB11F904}.Release|Any CPU.ActiveCfg = Release|Any CPU
		{E639D219-2ADC-4DAF-A078-71B4DB11F904}.Release|Any CPU.Build.0 = Release|Any CPU
	EndGlobalSection
	GlobalSection(SolutionProperties) = preSolution
		HideSolutionNode = FALSE
	EndGlobalSection
	GlobalSection(ExtensibilityGlobals) = postSolution
		SolutionGuid = {AB2F4B02-3928-450D-8DD2-8066D350E1BC}
	EndGlobalSection
EndGlobal
